
Microsoft Visual Studio Solution File, Format Version 12.00
# Visual Studio Version 17
VisualStudioVersion = 17.3.32922.545
MinimumVisualStudioVersion = 10.0.40219.1
Project("{FAE04EC0-301F-11D3-BF4B-00C04F79EFBC}") = "ASP_PRUEBA", "ASP_PRUEBA\ASP_PRUEBA.csproj", "{921DA85F-C6CA-4089-B163-5CDE409303AC}"
EndProject
Global
	GlobalSection(SolutionConfigurationPlatforms) = preSolution
		Debug|Any CPU = Debug|Any CPU
		Release|Any CPU = Release|Any CPU
	EndGlobalSection
	GlobalSection(ProjectConfigurationPlatforms) = postSolution
		{921DA85F-C6CA-4089-B163-5CDE409303AC}.Debug|Any CPU.ActiveCfg = Debug|Any CPU
		{921DA85F-C6CA-4089-B163-5CDE409303AC}.Debug|Any CPU.Build.0 = Debug|Any CPU
		{921DA85F-C6CA-4089-B163-5CDE409303AC}.Release|Any CPU.ActiveCfg = Release|Any CPU
		{921DA85F-C6CA-4089-B163-5CDE409303AC}.Release|Any CPU.Build.0 = Release|Any CPU
	EndGlobalSection
	GlobalSection(SolutionProperties) = preSolution
		HideSolutionNode = FALSE
	EndGlobalSection
	GlobalSection(ExtensibilityGlobals) = postSolution
		SolutionGuid = {89BF96BF-7CB2-482D-9B18-F491449FEC3D}
	EndGlobalSection
EndGlobal
