
Microsoft Visual Studio Solution File, Format Version 12.00
# Visual Studio Version 17
VisualStudioVersion = 17.3.32922.545
MinimumVisualStudioVersion = 10.0.40219.1
Project("{FAE04EC0-301F-11D3-BF4B-00C04F79EFBC}") = "API_PRUEBA", "API_PRUEBA\API_PRUEBA.csproj", "{F293A8C8-EF1C-46F8-9B78-8073C8517B7C}"
EndProject
Global
	GlobalSection(SolutionConfigurationPlatforms) = preSolution
		Debug|Any CPU = Debug|Any CPU
		Release|Any CPU = Release|Any CPU
	EndGlobalSection
	GlobalSection(ProjectConfigurationPlatforms) = postSolution
		{F293A8C8-EF1C-46F8-9B78-8073C8517B7C}.Debug|Any CPU.ActiveCfg = Debug|Any CPU
		{F293A8C8-EF1C-46F8-9B78-8073C8517B7C}.Debug|Any CPU.Build.0 = Debug|Any CPU
		{F293A8C8-EF1C-46F8-9B78-8073C8517B7C}.Release|Any CPU.ActiveCfg = Release|Any CPU
		{F293A8C8-EF1C-46F8-9B78-8073C8517B7C}.Release|Any CPU.Build.0 = Release|Any CPU
	EndGlobalSection
	GlobalSection(SolutionProperties) = preSolution
		HideSolutionNode = FALSE
	EndGlobalSection
	GlobalSection(ExtensibilityGlobals) = postSolution
		SolutionGuid = {50E7E268-F1E3-4C31-9528-3D1D66D67984}
	EndGlobalSection
EndGlobal
